
Microsoft Visual Studio Solution File, Format Version 12.00
# Visual Studio Version 16
VisualStudioVersion = 25.0.1700.6
MinimumVisualStudioVersion = 10.0.40219.1
Project("{FAE04EC0-301F-11D3-BF4B-00C04F79EFBC}") = "MatrixBot.Sdk", "MatrixBot.Sdk\MatrixBot.Sdk.csproj", "{90E2C4E4-66D0-4C40-91AA-45D5988D4970}"
EndProject
Project("{FAE04EC0-301F-11D3-BF4B-00C04F79EFBC}") = "MatrixBot.Sdk.Console", "MatrixBot.Sdk.Console\MatrixBot.Sdk.Console.csproj", "{37553DFD-DE0E-4CD4-9C1F-A449AB0E67A8}"
EndProject
Global
	GlobalSection(SolutionConfigurationPlatforms) = preSolution
		Debug|Any CPU = Debug|Any CPU
		Release|Any CPU = Release|Any CPU
	EndGlobalSection
	GlobalSection(ProjectConfigurationPlatforms) = postSolution
		{90E2C4E4-66D0-4C40-91AA-45D5988D4970}.Debug|Any CPU.ActiveCfg = Debug|Any CPU
		{90E2C4E4-66D0-4C40-91AA-45D5988D4970}.Debug|Any CPU.Build.0 = Debug|Any CPU
		{90E2C4E4-66D0-4C40-91AA-45D5988D4970}.Release|Any CPU.ActiveCfg = Release|Any CPU
		{90E2C4E4-66D0-4C40-91AA-45D5988D4970}.Release|Any CPU.Build.0 = Release|Any CPU
		{37553DFD-DE0E-4CD4-9C1F-A449AB0E67A8}.Debug|Any CPU.ActiveCfg = Debug|Any CPU
		{37553DFD-DE0E-4CD4-9C1F-A449AB0E67A8}.Debug|Any CPU.Build.0 = Debug|Any CPU
		{37553DFD-DE0E-4CD4-9C1F-A449AB0E67A8}.Release|Any CPU.ActiveCfg = Release|Any CPU
		{37553DFD-DE0E-4CD4-9C1F-A449AB0E67A8}.Release|Any CPU.Build.0 = Release|Any CPU
	EndGlobalSection
	GlobalSection(SolutionProperties) = preSolution
		HideSolutionNode = FALSE
	EndGlobalSection
	GlobalSection(ExtensibilityGlobals) = postSolution
		SolutionGuid = {E3A8E192-6AEE-4BF6-9302-97EED72688D8}
	EndGlobalSection
EndGlobal
